schema = 1
language = "0.1.0"
standard_library = "0.1.0"
unicode = "17.0.0"
timezone_database = "2025b"
root = "fixture/std-parity-portable@0.0.0#workspace:."

[[packages]]
id = "fixture/std-parity-portable@0.0.0#workspace:."
name = "fixture/std-parity-portable"
version = "0.0.0"
source_kind = "workspace"
source = "."
manifest_digest = "sha256:a9f95603493e6a24eb11a87b08e15808e5b477b92f751dd9c1321206af5e9568"
content_digest = "sha256:e490300b31542bc8a11f6440e635a9ddad2c12f7df4634ad8a078e28f2c2a815"
dependencies = []
