schema = 1
language = "0.1.0"
standard_library = "0.1.0"
unicode = "16.0.0"
timezone_database = "2025b"
root = "fixture/http-stream-events@0.0.0#workspace:."

[[packages]]
id = "fixture/http-stream-events@0.0.0#workspace:."
name = "fixture/http-stream-events"
version = "0.0.0"
source_kind = "workspace"
source = "."
manifest_digest = "sha256:396161038dbe5457c9f238b4e691845bdfbbc8b3aa023a0fe4bf919e5361cdfd"
content_digest = "sha256:fa228ad32383b6820e164ea02605b6bf0cf47ed000e5c0ae03a41666d26d039a"
dependencies = []

[[providers]]
field = "httpClient"
service = "std/http::HttpClient"
required_contract = "1.1"
provider_contract = "1.1"
provider = "seseragi/runtime-browser#http-client"
package_version = "0.33.0"
package_source = "toolchain:seseragi/runtime-browser@0.33.0"
package_digest = "sha256:8c229475faeeccc0cdfdd10f34a87f3634f5e6b912264ecb6155529a2c174308"
artifact_digest = "sha256:7f1655f946e1750ff4feda5b5352c2b2591193c9b5df85296ca5a25c0f765970"
backend = "typescript"
backend_abi_major = 1
target = "browser"
entry_module = "seseragi/runtime-browser/http-client"
entry_export = "provider"
runtime_features = ["foreign.task-load"]
host_packages = []

[[providers]]
field = "httpClient"
service = "std/http::HttpClient"
required_contract = "1.1"
provider_contract = "1.1"
provider = "seseragi/runtime-bun#http-client"
package_version = "0.33.0"
package_source = "toolchain:seseragi/runtime-bun@0.33.0"
package_digest = "sha256:a526320aa84d5cbf411f26e49d71fcdb9cb03a95169a191c7e9cca1dc9fe5675"
artifact_digest = "sha256:49bab7d70ec6d50fb7076242655d75e844809f07decc4606cda6ebd302e7101c"
backend = "typescript"
backend_abi_major = 1
target = "bun-process"
entry_module = "seseragi/runtime-bun/http-client"
entry_export = "provider"
runtime_features = ["foreign.task-load"]
host_packages = []
