schema = 1
language = "0.1.0"
standard_library = "0.1.0"
unicode = "16.0.0"
timezone_database = "2025b"
root = "fixture/provider-http-client-e2e@0.0.0#workspace:."

[[packages]]
id = "fixture/provider-http-client-e2e@0.0.0#workspace:."
name = "fixture/provider-http-client-e2e"
version = "0.0.0"
source_kind = "workspace"
source = "."
manifest_digest = "sha256:08e3af5cf3f21290f35f7cb22eec4868f8cb71451e799d9830623ceb068f0601"
content_digest = "sha256:d67ec1ba057f0dc2f50a0b82e15732d807a4a5603a3fd819e9b08a5f08168c57"
dependencies = []

[[providers]]
field = "httpClient"
service = "std/http::HttpClient"
required_contract = "1.1"
provider_contract = "1.1"
provider = "seseragi/runtime-browser#http-client"
package_version = "0.31.1"
package_source = "toolchain:seseragi/runtime-browser@0.31.1"
package_digest = "sha256:6eb74be53d9420b887db8f6277419bf8b5763667c324bd70932054b1b7b40804"
artifact_digest = "sha256:7f1655f946e1750ff4feda5b5352c2b2591193c9b5df85296ca5a25c0f765970"
backend = "typescript"
backend_abi_major = 1
target = "browser"
entry_module = "seseragi/runtime-browser/http-client"
entry_export = "provider"
runtime_features = ["foreign.task-load"]
host_packages = []

[[providers]]
field = "httpClient"
service = "std/http::HttpClient"
required_contract = "1.1"
provider_contract = "1.1"
provider = "seseragi/runtime-bun#http-client"
package_version = "0.31.1"
package_source = "toolchain:seseragi/runtime-bun@0.31.1"
package_digest = "sha256:4cd387b9eef9296ecdf59891e868b531cc0b20962ef165f16a747b13f1f69ca5"
artifact_digest = "sha256:49bab7d70ec6d50fb7076242655d75e844809f07decc4606cda6ebd302e7101c"
backend = "typescript"
backend_abi_major = 1
target = "bun-process"
entry_module = "seseragi/runtime-bun/http-client"
entry_export = "provider"
runtime_features = ["foreign.task-load"]
host_packages = []
