schema = 1
language = "0.1.0"
standard_library = "0.1.0"
unicode = "16.0.0"
timezone_database = "2025b"
root = "fixture/provider-websocket-e2e@0.0.0#workspace:."

[[packages]]
id = "fixture/provider-websocket-e2e@0.0.0#workspace:."
name = "fixture/provider-websocket-e2e"
version = "0.0.0"
source_kind = "workspace"
source = "."
manifest_digest = "sha256:1ad1c65c57e6279fd57fb3ffb8c2c6268e3ffc1e4a48c4e293e6359df3bb5de8"
content_digest = "sha256:a6fc5930c33d9eee9139fc166caa7ba7223a769d8a0ac3a926b01bfce0db851d"
dependencies = []

[[providers]]
field = "webSocketServer"
service = "std/websocket/server::WebSocketServer"
required_contract = "1.0"
provider_contract = "1.0"
provider = "seseragi/runtime-bun#websocket-server"
package_version = "0.43.0"
package_source = "toolchain:seseragi/runtime-bun@0.43.0"
package_digest = "sha256:8237aa2d4468dbd239df3feb2c0e6bef27d8fa1be975969386417a57e0d5821a"
artifact_digest = "sha256:91ebcb675bf68d90dd17dcd6ed9ef7ca09b2a49f070fa29974fd8ad404ab38ac"
backend = "typescript"
backend_abi_major = 1
target = "bun-process"
entry_module = "seseragi/runtime-bun/websocket-server"
entry_export = "provider"
runtime_features = ["foreign.task-load"]
host_packages = []

[[providers]]
field = "webSocketClient"
service = "std/websocket::WebSocketClient"
required_contract = "1.0"
provider_contract = "1.0"
provider = "seseragi/runtime-bun#websocket-client"
package_version = "0.43.0"
package_source = "toolchain:seseragi/runtime-bun@0.43.0"
package_digest = "sha256:8237aa2d4468dbd239df3feb2c0e6bef27d8fa1be975969386417a57e0d5821a"
artifact_digest = "sha256:8c0647ee95352808acc9e31fe7786ded82c57909d55a0ae74c2270a292d09215"
backend = "typescript"
backend_abi_major = 1
target = "bun-process"
entry_module = "seseragi/runtime-bun/websocket-client"
entry_export = "provider"
runtime_features = ["foreign.task-load"]
host_packages = []
