schema = 1
language = "0.1.0"
standard_library = "0.1.0"
unicode = "16.0.0"
timezone_database = "2025b"
root = "fixture/timezones-dst@0.0.0#workspace:."

[[packages]]
id = "fixture/timezones-dst@0.0.0#workspace:."
name = "fixture/timezones-dst"
version = "0.0.0"
source_kind = "workspace"
source = "."
manifest_digest = "sha256:4bfc07eece786d78d9c8d6f215b8e80205db4ca78b8018225a0ea405adaa648d"
content_digest = "sha256:df278eb16cc66ebd552a2bec4eb4dc6871f9bdfd4222ee86e16240ead5076bbf"
dependencies = []

[[providers]]
field = "timeZones"
service = "std/time::TimeZones"
required_contract = "1.0"
provider_contract = "1.0"
provider = "seseragi/runtime#timezones"
package_version = "0.37.0"
package_source = "toolchain:seseragi/runtime-browser@0.37.0"
package_digest = "sha256:d4d05e41d7803d72cb5f02a70209683c13567ca4275f99c24fecf7d98732dd13"
artifact_digest = "sha256:4ba4a15693884357306a666c4e89724ab7a7353c8682bcb2624326bd07e64be6"
backend = "typescript"
backend_abi_major = 1
target = "browser"
entry_module = "seseragi/runtime-browser/timezones"
entry_export = "provider"
runtime_features = ["foreign.task-load"]
host_packages = []

[[providers]]
field = "timeZones"
service = "std/time::TimeZones"
required_contract = "1.0"
provider_contract = "1.0"
provider = "seseragi/runtime#timezones"
package_version = "0.37.0"
package_source = "toolchain:seseragi/runtime-bun@0.37.0"
package_digest = "sha256:8237aa2d4468dbd239df3feb2c0e6bef27d8fa1be975969386417a57e0d5821a"
artifact_digest = "sha256:451008a5b60d00ab4186186bc2671f07803ea130b00410b1c59c453cf4ac4a37"
backend = "typescript"
backend_abi_major = 1
target = "bun-process"
entry_module = "seseragi/runtime-bun/timezones"
entry_export = "provider"
runtime_features = ["foreign.task-load"]
host_packages = []
