schema = 1
language = "0.1.0"
standard_library = "0.1.0"
unicode = "17.0.0"
timezone_database = "2025b"
root = "seseragi/official-site-examples@0.0.0#workspace:."

[[packages]]
id = "seseragi/official-site-examples@0.0.0#workspace:."
name = "seseragi/official-site-examples"
version = "0.0.0"
source_kind = "workspace"
source = "."
manifest_digest = "sha256:41e45a36548bfc4bcde6cd775d94b58ebbcee533a47a8e44cbb1854d82c4d68b"
content_digest = "sha256:aeaaa272f7f66cdd8df1bbe5b50902e0d4fc0ea299b3ad3398301cd12f806476"
dependencies = []
