schema = 1
language = "0.1.0"
standard_library = "0.1.0"
unicode = "17.0.0"
timezone_database = "2025b"
root = "seseragi/official-site@0.0.0#workspace:."

[[packages]]
id = "seseragi/official-site@0.0.0#workspace:."
name = "seseragi/official-site"
version = "0.0.0"
source_kind = "workspace"
source = "."
manifest_digest = "sha256:0c3d796d2ea792c8f1ae5e00b82974bbd030c90da7038594e5b477cdd4683b5e"
content_digest = "sha256:0672b1f6bfce71fe70581b2d35c2a6273789ec687fc427c1efdb05133dd8f540"
dependencies = []
