schema = 1
language = "0.1.0"
standard_library = "0.1.0"
unicode = "17.0.0"
timezone_database = "2025b"
root = "fixture/std-parity-target@0.0.0#workspace:."

[[packages]]
id = "fixture/std-parity-target@0.0.0#workspace:."
name = "fixture/std-parity-target"
version = "0.0.0"
source_kind = "workspace"
source = "."
manifest_digest = "sha256:6b7893513a5127fcfabdaa8101ff635de190d0aa3dd3c111d57f42c5d192df66"
content_digest = "sha256:7909598fb9aec380105a6f98c177e61d6243ac792676ae76530acab36f56cf5c"
dependencies = []
