schema = 1
language = "0.1.0"
standard_library = "0.1.0"
unicode = "17.0.0"
timezone_database = "2025b"
root = "seseragi/editorial-good@0.0.0#workspace:."

[[packages]]
id = "seseragi/editorial-good@0.0.0#workspace:."
name = "seseragi/editorial-good"
version = "0.0.0"
source_kind = "workspace"
source = "."
manifest_digest = "sha256:946fbf1a90238965472b4efcc65798f7ff1d1a52a6a41285a1e2f53c3fbb2300"
content_digest = "sha256:bb619819e6a00dee6999ba5ca6699132e46b8c865bcd791f0345a5c4fdaa5b81"
dependencies = []
