schema = 1
language = "0.1.0"
standard_library = "0.1.0"
unicode = "17.0.0"
timezone_database = "2025b"
root = "seseragi/site-invalid-import@0.0.0#workspace:."

[[packages]]
id = "seseragi/site-invalid-import@0.0.0#workspace:."
name = "seseragi/site-invalid-import"
version = "0.0.0"
source_kind = "workspace"
source = "."
manifest_digest = "sha256:ba430c78d57e1719b0ba328d7a4f218fba111ae064d930dd31addcd3e010cb43"
content_digest = "sha256:444fc2c9c67d2a2b2bc1127819d1b4b54f8cf53bfb980f3c46b168d134bb25ce"
dependencies = []
