schema = 1
language = "0.1.0"
standard_library = "0.1.0"
unicode = "17.0.0"
timezone_database = "2025b"
root = "fixture/effect-concurrency-primitives@0.0.0#workspace:."

[[packages]]
id = "fixture/effect-concurrency-primitives@0.0.0#workspace:."
name = "fixture/effect-concurrency-primitives"
version = "0.0.0"
source_kind = "workspace"
source = "."
manifest_digest = "sha256:4474684ff2178e6f110b0fd75a22b5328034646f9f63b5c25a87e4c477a14a40"
content_digest = "sha256:7695ce3d51392999150a5788fee09012305838a3e9c8ea096c2cca90c817aaa4"
dependencies = []
