schema = 1
language = "0.1.0"
standard_library = "0.1.0"
unicode = "17.0.0"
timezone_database = "2025b"
root = "fixture/effect-concurrency-primitives@0.0.0#workspace:."

[[packages]]
id = "fixture/effect-concurrency-primitives@0.0.0#workspace:."
name = "fixture/effect-concurrency-primitives"
version = "0.0.0"
source_kind = "workspace"
source = "."
manifest_digest = "sha256:4474684ff2178e6f110b0fd75a22b5328034646f9f63b5c25a87e4c477a14a40"
content_digest = "sha256:2b6ca256912c3aedc94139e5b95c40ceb1fe69f8ad39c1dee818b0636e151689"
dependencies = []
