schema = 1
language = "0.1.0"
standard_library = "0.1.0"
unicode = "17.0.0"
timezone_database = "2025b"
root = "fixture/callable-values@0.0.0#workspace:."

[[packages]]
id = "fixture/callable-values@0.0.0#workspace:."
name = "fixture/callable-values"
version = "0.0.0"
source_kind = "workspace"
source = "."
manifest_digest = "sha256:6a02fb5c932e75e796b0805ff4fedf93a04f050d12718861c6007270243a79e5"
content_digest = "sha256:e8d87f1c260fd2dfd508903a97b570434100e374e6fe809203cfdfb465cd8496"
dependencies = []
