schema = 1
language = "0.1.0"
standard_library = "0.1.0"
unicode = "16.0.0"
timezone_database = "2025b"
root = "fixture/sqlite-application@0.0.0#workspace:."

[[packages]]
id = "fixture/sqlite-application@0.0.0#workspace:."
name = "fixture/sqlite-application"
version = "0.0.0"
source_kind = "workspace"
source = "."
manifest_digest = "sha256:6f1500d8372be4cab39fff6920c0a6b2f80981895af56a14fe3a6d79aa9102a6"
content_digest = "sha256:5ef25bac2421d2733523adaea8ad15a36c3a8bef700160486324091a964d8bb9"
dependencies = [
  { import = "sqlite", package = "seseragi/sqlite@0.1.0#path:../../../packages/sqlite" },
]

[[packages]]
id = "seseragi/sqlite@0.1.0#path:../../../packages/sqlite"
name = "seseragi/sqlite"
version = "0.1.0"
source_kind = "path"
source = "../../../packages/sqlite"
manifest_digest = "sha256:4dcd3d3be0df97b9049bf536e9a9a8307c118791891aec263e74b0a96be6d797"
content_digest = "sha256:51a0090f2f099b5b2439daa9ecdb55391b53082f3cf21c018916e0cf5ab20931"
dependencies = []

[[providers]]
field = "sqlite"
service = "seseragi/sqlite::Sqlite"
required_contract = "1.0"
provider_contract = "1.0"
provider = "seseragi/runtime-sqlite#bun"
package_version = "0.48.0"
package_source = "toolchain:seseragi/runtime-bun@0.48.0"
package_digest = "sha256:8237aa2d4468dbd239df3feb2c0e6bef27d8fa1be975969386417a57e0d5821a"
artifact_digest = "sha256:8ec1359356e1fd2070ee048c26ddf7b42b8b05d86e9f447c40070c6faadfed11"
backend = "typescript"
backend_abi_major = 1
target = "bun-process"
entry_module = "seseragi/runtime-sqlite/bun"
entry_export = "provider"
runtime_features = ["foreign.task-load"]
host_packages = []
