schema = 1
language = "0.1.0"
standard_library = "0.1.0"
unicode = "17.0.0"
timezone_database = "2025b"
root = "seseragi/official-site-invalid-examples@0.0.0#workspace:."

[[packages]]
id = "seseragi/official-site-invalid-examples@0.0.0#workspace:."
name = "seseragi/official-site-invalid-examples"
version = "0.0.0"
source_kind = "workspace"
source = "."
manifest_digest = "sha256:ed9adaa490a975eb7bc3f5cd60cf7422fce7ce22d99ffc01296610ab3121b8f0"
content_digest = "sha256:f1eeeb304e1712a5ab06ae078509a74db8821217c0407c08aab6394b3332b5d5"
dependencies = []
