schema = 1
language = "0.1.0"
standard_library = "0.1.0"
unicode = "16.0.0"
timezone_database = "2025b"
root = "fixture/sse-server-client-e2e@0.0.0#workspace:."

[[packages]]
id = "fixture/sse-server-client-e2e@0.0.0#workspace:."
name = "fixture/sse-server-client-e2e"
version = "0.0.0"
source_kind = "workspace"
source = "."
manifest_digest = "sha256:2b31cf4338f3806fed799f1bbb23bb1b93d728276822e24ed175144e9b75501e"
content_digest = "sha256:876e5a619499b542e31ce80de3ff8635c416f3b1a6d53b2c348e4f06eb335bc6"
dependencies = []

[[providers]]
field = "httpServer"
service = "std/http/server::HttpServer"
required_contract = "1.0"
provider_contract = "1.0"
provider = "seseragi/runtime-bun#http-server"
package_version = "0.35.0"
package_source = "toolchain:seseragi/runtime-bun@0.35.0"
package_digest = "sha256:8237aa2d4468dbd239df3feb2c0e6bef27d8fa1be975969386417a57e0d5821a"
artifact_digest = "sha256:d68663f9c1359e1b492cc91b3c650a5c426ed3bb3e661a702ce041c087f752c7"
backend = "typescript"
backend_abi_major = 1
target = "bun-process"
entry_module = "seseragi/runtime-bun/http-server"
entry_export = "provider"
runtime_features = ["foreign.task-load"]
host_packages = []

[[providers]]
field = "httpClient"
service = "std/http::HttpClient"
required_contract = "1.1"
provider_contract = "1.1"
provider = "seseragi/runtime-bun#http-client"
package_version = "0.35.0"
package_source = "toolchain:seseragi/runtime-bun@0.35.0"
package_digest = "sha256:8237aa2d4468dbd239df3feb2c0e6bef27d8fa1be975969386417a57e0d5821a"
artifact_digest = "sha256:49bab7d70ec6d50fb7076242655d75e844809f07decc4606cda6ebd302e7101c"
backend = "typescript"
backend_abi_major = 1
target = "bun-process"
entry_module = "seseragi/runtime-bun/http-client"
entry_export = "provider"
runtime_features = ["foreign.task-load"]
host_packages = []
