schema = 1
language = "0.1.0"
standard_library = "0.1.0"
unicode = "16.0.0"
timezone_database = "2025b"
root = "fixture/dom-reactive-bindings@0.0.0#workspace:."

[[packages]]
id = "fixture/dom-reactive-bindings@0.0.0#workspace:."
name = "fixture/dom-reactive-bindings"
version = "0.0.0"
source_kind = "workspace"
source = "."
manifest_digest = "sha256:a8918fcd5dc39eab331d5d99f7cc2372a23eb32f6b211dbd15c05430e8de31e7"
content_digest = "sha256:db51d00b2b158dfd89bc3020f91bc6c3e5f8c097196b8021d08a78a2a624810d"
dependencies = []
