schema = 1
language = "0.1.0"
standard_library = "0.1.0"
unicode = "17.0.0"
timezone_database = "2025b"
root = "seseragi/site-invalid-visibility@0.0.0#workspace:."

[[packages]]
id = "seseragi/site-invalid-visibility@0.0.0#workspace:."
name = "seseragi/site-invalid-visibility"
version = "0.0.0"
source_kind = "workspace"
source = "."
manifest_digest = "sha256:ce872f9b2f208b9500aec1ee278b04fc600e937351bcd3c195b180d4dc6009c3"
content_digest = "sha256:0481a09b85ea741ca0f25c9e3749a5a0548fe13bf8bac17f380b3933b9122837"
dependencies = []
