schema = 1
language = "0.1.0"
standard_library = "0.1.0"
unicode = "17.0.0"
timezone_database = "2025b"
root = "fixture/cli-build-nested@0.0.0#workspace:."

[[packages]]
id = "fixture/cli-build-nested@0.0.0#workspace:."
name = "fixture/cli-build-nested"
version = "0.0.0"
source_kind = "workspace"
source = "."
manifest_digest = "sha256:b812bf68a65d94a4d091130d076a0daac2279cecb230aa2b3e97406725c7fded"
content_digest = "sha256:130461d1c4c0a52f31af496e4c40a4a69699f3d1e5f8ab5fbe92123651f01693"
dependencies = []
