schema = 1
language = "0.1.0"
standard_library = "0.1.0"
unicode = "16.0.0"
timezone_database = "2025b"
root = "fixture/standard-evidence-parity@0.0.0#workspace:."

[[packages]]
id = "fixture/standard-evidence-parity@0.0.0#workspace:."
name = "fixture/standard-evidence-parity"
version = "0.0.0"
source_kind = "workspace"
source = "."
manifest_digest = "sha256:c3360db0c60114300f36c30d0445db8edb3dfe0bb39d3e946fe70dd956cf6201"
content_digest = "sha256:693591c53c78fb419e5d7457b1f955a3e63cae5cd61dae43e2eb7eae4ab44271"
dependencies = []
