schema = 1
language = "0.1.0"
standard_library = "0.1.0"
unicode = "16.0.0"
timezone_database = "2025b"
root = "fixture/standard-evidence-parity@0.0.0#workspace:."

[[packages]]
id = "fixture/standard-evidence-parity@0.0.0#workspace:."
name = "fixture/standard-evidence-parity"
version = "0.0.0"
source_kind = "workspace"
source = "."
manifest_digest = "sha256:c3360db0c60114300f36c30d0445db8edb3dfe0bb39d3e946fe70dd956cf6201"
content_digest = "sha256:6410693db77b3d73cb116226f1c892ae862e11b9c3b5f0a2161bd89cc8590f3e"
dependencies = []
