schema = 1
language = "0.1.0"
standard_library = "0.1.0"
unicode = "17.0.0"
timezone_database = "2025b"
root = "seseragi/editorial-bad@0.0.0#workspace:."

[[packages]]
id = "seseragi/editorial-bad@0.0.0#workspace:."
name = "seseragi/editorial-bad"
version = "0.0.0"
source_kind = "workspace"
source = "."
manifest_digest = "sha256:bf5f0c9945db47b8c96cc1d02e822f7a5a917c56d3b51e542003bcec046999b4"
content_digest = "sha256:319d5dbf72b0f6d3252dbacc911fa52f8300813d218126f8e235ef19db3fc2ba"
dependencies = []
